
Microsoft Visual Studio Solution File, Format Version 12.00
# Visual Studio Version 17
VisualStudioVersion = 17.8.34330.188
MinimumVisualStudioVersion = 10.0.40219.1
Project("{FAE04EC0-301F-11D3-BF4B-00C04F79EFBC}") = "Zadanie6", "Zadanie6.csproj", "{02838510-F704-4429-B5A5-D3CD175B293F}"
EndProject
Global
	GlobalSection(SolutionConfigurationPlatforms) = preSolution
		Debug|Any CPU = Debug|Any CPU
		Release|Any CPU = Release|Any CPU
	EndGlobalSection
	GlobalSection(ProjectConfigurationPlatforms) = postSolution
		{02838510-F704-4429-B5A5-D3CD175B293F}.Debug|Any CPU.ActiveCfg = Debug|Any CPU
		{02838510-F704-4429-B5A5-D3CD175B293F}.Debug|Any CPU.Build.0 = Debug|Any CPU
		{02838510-F704-4429-B5A5-D3CD175B293F}.Release|Any CPU.ActiveCfg = Release|Any CPU
		{02838510-F704-4429-B5A5-D3CD175B293F}.Release|Any CPU.Build.0 = Release|Any CPU
	EndGlobalSection
	GlobalSection(SolutionProperties) = preSolution
		HideSolutionNode = FALSE
	EndGlobalSection
	GlobalSection(ExtensibilityGlobals) = postSolution
		SolutionGuid = {4A7406F6-9AAD-4D05-8656-6AD431E05331}
	EndGlobalSection
EndGlobal
