
Microsoft Visual Studio Solution File, Format Version 12.00
# Visual Studio Version 17
VisualStudioVersion = 17.7.34221.43
MinimumVisualStudioVersion = 10.0.40219.1
Project("{FAE04EC0-301F-11D3-BF4B-00C04F79EFBC}") = "Zadanie7", "Zadanie7.csproj", "{013BAAE1-CCBB-4246-BAD2-4B4C13496BCC}"
EndProject
Global
	GlobalSection(SolutionConfigurationPlatforms) = preSolution
		Debug|Any CPU = Debug|Any CPU
		Release|Any CPU = Release|Any CPU
	EndGlobalSection
	GlobalSection(ProjectConfigurationPlatforms) = postSolution
		{013BAAE1-CCBB-4246-BAD2-4B4C13496BCC}.Debug|Any CPU.ActiveCfg = Debug|Any CPU
		{013BAAE1-CCBB-4246-BAD2-4B4C13496BCC}.Debug|Any CPU.Build.0 = Debug|Any CPU
		{013BAAE1-CCBB-4246-BAD2-4B4C13496BCC}.Release|Any CPU.ActiveCfg = Release|Any CPU
		{013BAAE1-CCBB-4246-BAD2-4B4C13496BCC}.Release|Any CPU.Build.0 = Release|Any CPU
	EndGlobalSection
	GlobalSection(SolutionProperties) = preSolution
		HideSolutionNode = FALSE
	EndGlobalSection
	GlobalSection(ExtensibilityGlobals) = postSolution
		SolutionGuid = {48D3423C-9A9E-4ECA-9DFC-F5A77DB6091D}
	EndGlobalSection
EndGlobal
