
Microsoft Visual Studio Solution File, Format Version 12.00
# Visual Studio Version 17
VisualStudioVersion = 17.8.34330.188
MinimumVisualStudioVersion = 10.0.40219.1
Project("{FAE04EC0-301F-11D3-BF4B-00C04F79EFBC}") = "Zadanie1", "Zadanie1.csproj", "{FC6DE2DC-446E-4D6F-BE4E-4D905C8371F8}"
EndProject
Global
	GlobalSection(SolutionConfigurationPlatforms) = preSolution
		Debug|Any CPU = Debug|Any CPU
		Release|Any CPU = Release|Any CPU
	EndGlobalSection
	GlobalSection(ProjectConfigurationPlatforms) = postSolution
		{FC6DE2DC-446E-4D6F-BE4E-4D905C8371F8}.Debug|Any CPU.ActiveCfg = Debug|Any CPU
		{FC6DE2DC-446E-4D6F-BE4E-4D905C8371F8}.Debug|Any CPU.Build.0 = Debug|Any CPU
		{FC6DE2DC-446E-4D6F-BE4E-4D905C8371F8}.Release|Any CPU.ActiveCfg = Release|Any CPU
		{FC6DE2DC-446E-4D6F-BE4E-4D905C8371F8}.Release|Any CPU.Build.0 = Release|Any CPU
	EndGlobalSection
	GlobalSection(SolutionProperties) = preSolution
		HideSolutionNode = FALSE
	EndGlobalSection
	GlobalSection(ExtensibilityGlobals) = postSolution
		SolutionGuid = {B9CB2D38-3806-47D1-B42A-44370BBA15E0}
	EndGlobalSection
EndGlobal
